// !$*UTF8*$!
{
	archiveVersion = 1;
	classes = {
	};
	objectVersion = 56;
	objects = {

/* Begin PBXBuildFile section */
		07C8228E2A3160B70081F8F3 /* RemembrApp.swift in Sources */ = {isa = PBXBuildFile; fileRef = 07C8228D2A3160B70081F8F3 /* RemembrApp.swift */; };
		07C822902A3160B70081F8F3 /* ContentView.swift in Sources */ = {isa = PBXBuildFile; fileRef = 07C8228F2A3160B70081F8F3 /* ContentView.swift */; };
		07C822922A3160B90081F8F3 /* Assets.xcassets in Resources */ = {isa = PBXBuildFile; fileRef = 07C822912A3160B90081F8F3 /* Assets.xcassets */; };
		07C822952A3160B90081F8F3 /* Preview Assets.xcassets in Resources */ = {isa = PBXBuildFile; fileRef = 07C822942A3160B90081F8F3 /* Preview Assets.xcassets */; };
		07C822A22A3163C70081F8F3 /* WidgetKit.framework in Frameworks */ = {isa = PBXBuildFile; fileRef = 07C822A12A3163C70081F8F3 /* WidgetKit.framework */; };
		07C822A42A3163C70081F8F3 /* SwiftUI.framework in Frameworks */ = {isa = PBXBuildFile; fileRef = 07C822A32A3163C70081F8F3 /* SwiftUI.framework */; };
		07C822A72A3163C70081F8F3 /* RemembrWidgetBundle.swift in Sources */ = {isa = PBXBuildFile; fileRef = 07C822A62A3163C70081F8F3 /* RemembrWidgetBundle.swift */; };
		07C822A92A3163C70081F8F3 /* RemembrWidgetLiveActivity.swift in Sources */ = {isa = PBXBuildFile; fileRef = 07C822A82A3163C70081F8F3 /* RemembrWidgetLiveActivity.swift */; };
		07C822AB2A3163C70081F8F3 /* RemembrWidget.swift in Sources */ = {isa = PBXBuildFile; fileRef = 07C822AA2A3163C70081F8F3 /* RemembrWidget.swift */; };
		07C822AE2A3163CA0081F8F3 /* Assets.xcassets in Resources */ = {isa = PBXBuildFile; fileRef = 07C822AD2A3163CA0081F8F3 /* Assets.xcassets */; };
		07C822B02A3163CA0081F8F3 /* RemembrWidget.intentdefinition in Sources */ = {isa = PBXBuildFile; fileRef = 07C822AC2A3163C70081F8F3 /* RemembrWidget.intentdefinition */; };
		07C822B12A3163CA0081F8F3 /* RemembrWidget.intentdefinition in Sources */ = {isa = PBXBuildFile; fileRef = 07C822AC2A3163C70081F8F3 /* RemembrWidget.intentdefinition */; };
		07C822B42A3163CA0081F8F3 /* RemembrWidgetExtension.appex in Embed Foundation Extensions */ = {isa = PBXBuildFile; fileRef = 07C8229F2A3163C70081F8F3 /* RemembrWidgetExtension.appex */; settings = {ATTRIBUTES = (RemoveHeadersOnCopy, ); }; };
		07F6D5992A33EB5D00851026 /* MonthConfig.swift in Sources */ = {isa = PBXBuildFile; fileRef = 07F6D5972A33EB5D00851026 /* MonthConfig.swift */; };
		07F6D59B2A33ED8800851026 /* Colors+Ext.swift in Sources */ = {isa = PBXBuildFile; fileRef = 07F6D59A2A33ED8800851026 /* Colors+Ext.swift */; };
/* End PBXBuildFile section */

/* Begin PBXContainerItemProxy section */
		07C822B22A3163CA0081F8F3 /* PBXContainerItemProxy */ = {
			isa = PBXContainerItemProxy;
			containerPortal = 07C822822A3160B60081F8F3 /* Project object */;
			proxyType = 1;
			remoteGlobalIDString = 07C8229E2A3163C70081F8F3;
			remoteInfo = RemembrWidgetExtension;
		};
/* End PBXContainerItemProxy section */

/* Begin PBXCopyFilesBuildPhase section */
		07C822B82A3163CA0081F8F3 /* Embed Foundation Extensions */ = {
			isa = PBXCopyFilesBuildPhase;
			buildActionMask = 2147483647;
			dstPath = "";
			dstSubfolderSpec = 13;
			files = (
				07C822B42A3163CA0081F8F3 /* RemembrWidgetExtension.appex in Embed Foundation Extensions */,
			);
			name = "Embed Foundation Extensions";
			runOnlyForDeploymentPostprocessing = 0;
		};
/* End PBXCopyFilesBuildPhase section */

/* Begin PBXFileReference section */
		07C8228A2A3160B70081F8F3 /* Remembr.app */ = {isa = PBXFileReference; explicitFileType = wrapper.application; includeInIndex = 0; path = Remembr.app; sourceTree = BUILT_PRODUCTS_DIR; };
		07C8228D2A3160B70081F8F3 /* RemembrApp.swift */ = {isa = PBXFileReference; lastKnownFileType = sourcecode.swift; path = RemembrApp.swift; sourceTree = "<group>"; };
		07C8228F2A3160B70081F8F3 /* ContentView.swift */ = {isa = PBXFileReference; lastKnownFileType = sourcecode.swift; path = ContentView.swift; sourceTree = "<group>"; };
		07C822912A3160B90081F8F3 /* Assets.xcassets */ = {isa = PBXFileReference; lastKnownFileType = folder.assetcatalog; path = Assets.xcassets; sourceTree = "<group>"; };
		07C822942A3160B90081F8F3 /* Preview Assets.xcassets */ = {isa = PBXFileReference; lastKnownFileType = folder.assetcatalog; path = "Preview Assets.xcassets"; sourceTree = "<group>"; };
		07C8229F2A3163C70081F8F3 /* RemembrWidgetExtension.appex */ = {isa = PBXFileReference; explicitFileType = "wrapper.app-extension"; includeInIndex = 0; path = RemembrWidgetExtension.appex; sourceTree = BUILT_PRODUCTS_DIR; };
		07C822A12A3163C70081F8F3 /* WidgetKit.framework */ = {isa = PBXFileReference; lastKnownFileType = wrapper.framework; name = WidgetKit.framework; path = System/Library/Frameworks/WidgetKit.framework; sourceTree = SDKROOT; };
		07C822A32A3163C70081F8F3 /* SwiftUI.framework */ = {isa = PBXFileReference; lastKnownFileType = wrapper.framework; name = SwiftUI.framework; path = System/Library/Frameworks/SwiftUI.framework; sourceTree = SDKROOT; };
		07C822A62A3163C70081F8F3 /* RemembrWidgetBundle.swift */ = {isa = PBXFileReference; lastKnownFileType = sourcecode.swift; path = RemembrWidgetBundle.swift; sourceTree = "<group>"; };
		07C822A82A3163C70081F8F3 /* RemembrWidgetLiveActivity.swift */ = {isa = PBXFileReference; lastKnownFileType = sourcecode.swift; path = RemembrWidgetLiveActivity.swift; sourceTree = "<group>"; };
		07C822AA2A3163C70081F8F3 /* RemembrWidget.swift */ = {isa = PBXFileReference; lastKnownFileType = sourcecode.swift; path = RemembrWidget.swift; sourceTree = "<group>"; };
		07C822AC2A3163C70081F8F3 /* RemembrWidget.intentdefinition */ = {isa = PBXFileReference; lastKnownFileType = file.intentdefinition; path = RemembrWidget.intentdefinition; sourceTree = "<group>"; };
		07C822AD2A3163CA0081F8F3 /* Assets.xcassets */ = {isa = PBXFileReference; lastKnownFileType = folder.assetcatalog; path = Assets.xcassets; sourceTree = "<group>"; };
		07C822AF2A3163CA0081F8F3 /* Info.plist */ = {isa = PBXFileReference; lastKnownFileType = text.plist.xml; path = Info.plist; sourceTree = "<group>"; };
		07F6D5972A33EB5D00851026 /* MonthConfig.swift */ = {isa = PBXFileReference; lastKnownFileType = sourcecode.swift; path = MonthConfig.swift; sourceTree = "<group>"; };
		07F6D59A2A33ED8800851026 /* Colors+Ext.swift */ = {isa = PBXFileReference; lastKnownFileType = sourcecode.swift; path = "Colors+Ext.swift"; sourceTree = "<group>"; };
/* End PBXFileReference section */

/* Begin PBXFrameworksBuildPhase section */
		07C822872A3160B70081F8F3 /* Frameworks */ = {
			isa = PBXFrameworksBuildPhase;
			buildActionMask = 2147483647;
			files = (
			);
			runOnlyForDeploymentPostprocessing = 0;
		};
		07C8229C2A3163C70081F8F3 /* Frameworks */ = {
			isa = PBXFrameworksBuildPhase;
			buildActionMask = 2147483647;
			files = (
				07C822A42A3163C70081F8F3 /* SwiftUI.framework in Frameworks */,
				07C822A22A3163C70081F8F3 /* WidgetKit.framework in Frameworks */,
			);
			runOnlyForDeploymentPostprocessing = 0;
		};
/* End PBXFrameworksBuildPhase section */

/* Begin PBXGroup section */
		07C822812A3160B60081F8F3 = {
			isa = PBXGroup;
			children = (
				07C8228C2A3160B70081F8F3 /* Remembr */,
				07C822A52A3163C70081F8F3 /* RemembrWidget */,
				07C822A02A3163C70081F8F3 /* Frameworks */,
				07C8228B2A3160B70081F8F3 /* Products */,
			);
			sourceTree = "<group>";
		};
		07C8228B2A3160B70081F8F3 /* Products */ = {
			isa = PBXGroup;
			children = (
				07C8228A2A3160B70081F8F3 /* Remembr.app */,
				07C8229F2A3163C70081F8F3 /* RemembrWidgetExtension.appex */,
			);
			name = Products;
			sourceTree = "<group>";
		};
		07C8228C2A3160B70081F8F3 /* Remembr */ = {
			isa = PBXGroup;
			children = (
				07C8228D2A3160B70081F8F3 /* RemembrApp.swift */,
				07C8228F2A3160B70081F8F3 /* ContentView.swift */,
				07C822912A3160B90081F8F3 /* Assets.xcassets */,
				07C822932A3160B90081F8F3 /* Preview Content */,
			);
			path = Remembr;
			sourceTree = "<group>";
		};
		07C822932A3160B90081F8F3 /* Preview Content */ = {
			isa = PBXGroup;
			children = (
				07C822942A3160B90081F8F3 /* Preview Assets.xcassets */,
			);
			path = "Preview Content";
			sourceTree = "<group>";
		};
		07C822A02A3163C70081F8F3 /* Frameworks */ = {
			isa = PBXGroup;
			children = (
				07C822A12A3163C70081F8F3 /* WidgetKit.framework */,
				07C822A32A3163C70081F8F3 /* SwiftUI.framework */,
			);
			name = Frameworks;
			sourceTree = "<group>";
		};
		07C822A52A3163C70081F8F3 /* RemembrWidget */ = {
			isa = PBXGroup;
			children = (
				07C822A62A3163C70081F8F3 /* RemembrWidgetBundle.swift */,
				07C822A82A3163C70081F8F3 /* RemembrWidgetLiveActivity.swift */,
				07C822AA2A3163C70081F8F3 /* RemembrWidget.swift */,
				07F6D5972A33EB5D00851026 /* MonthConfig.swift */,
				07F6D59A2A33ED8800851026 /* Colors+Ext.swift */,
				07C822AC2A3163C70081F8F3 /* RemembrWidget.intentdefinition */,
				07C822AD2A3163CA0081F8F3 /* Assets.xcassets */,
				07C822AF2A3163CA0081F8F3 /* Info.plist */,
			);
			path = RemembrWidget;
			sourceTree = "<group>";
		};
/* End PBXGroup section */

/* Begin PBXNativeTarget section */
		07C822892A3160B70081F8F3 /* Remembr */ = {
			isa = PBXNativeTarget;
			buildConfigurationList = 07C822982A3160B90081F8F3 /* Build configuration list for PBXNativeTarget "Remembr" */;
			buildPhases = (
				07C822862A3160B70081F8F3 /* Sources */,
				07C822872A3160B70081F8F3 /* Frameworks */,
				07C822882A3160B70081F8F3 /* Resources */,
				07C822B82A3163CA0081F8F3 /* Embed Foundation Extensions */,
			);
			buildRules = (
			);
			dependencies = (
				07C822B32A3163CA0081F8F3 /* PBXTargetDependency */,
			);
			name = Remembr;
			productName = Remembr;
			productReference = 07C8228A2A3160B70081F8F3 /* Remembr.app */;
			productType = "com.apple.product-type.application";
		};
		07C8229E2A3163C70081F8F3 /* RemembrWidgetExtension */ = {
			isa = PBXNativeTarget;
			buildConfigurationList = 07C822B52A3163CA0081F8F3 /* Build configuration list for PBXNativeTarget "RemembrWidgetExtension" */;
			buildPhases = (
				07C8229B2A3163C70081F8F3 /* Sources */,
				07C8229C2A3163C70081F8F3 /* Frameworks */,
				07C8229D2A3163C70081F8F3 /* Resources */,
			);
			buildRules = (
			);
			dependencies = (
			);
			name = RemembrWidgetExtension;
			productName = RemembrWidgetExtension;
			productReference = 07C8229F2A3163C70081F8F3 /* RemembrWidgetExtension.appex */;
			productType = "com.apple.product-type.app-extension";
		};
/* End PBXNativeTarget section */

/* Begin PBXProject section */
		07C822822A3160B60081F8F3 /* Project object */ = {
			isa = PBXProject;
			attributes = {
				BuildIndependentTargetsInParallel = 1;
				LastSwiftUpdateCheck = 1430;
				LastUpgradeCheck = 1430;
				TargetAttributes = {
					07C822892A3160B70081F8F3 = {
						CreatedOnToolsVersion = 14.3;
					};
					07C8229E2A3163C70081F8F3 = {
						CreatedOnToolsVersion = 14.3;
					};
				};
			};
			buildConfigurationList = 07C822852A3160B60081F8F3 /* Build configuration list for PBXProject "Remembr" */;
			compatibilityVersion = "Xcode 14.0";
			developmentRegion = en;
			hasScannedForEncodings = 0;
			knownRegions = (
				en,
				Base,
			);
			mainGroup = 07C822812A3160B60081F8F3;
			productRefGroup = 07C8228B2A3160B70081F8F3 /* Products */;
			projectDirPath = "";
			projectRoot = "";
			targets = (
				07C822892A3160B70081F8F3 /* Remembr */,
				07C8229E2A3163C70081F8F3 /* RemembrWidgetExtension */,
			);
		};
/* End PBXProject section */

/* Begin PBXResourcesBuildPhase section */
		07C822882A3160B70081F8F3 /* Resources */ = {
			isa = PBXResourcesBuildPhase;
			buildActionMask = 2147483647;
			files = (
				07C822952A3160B90081F8F3 /* Preview Assets.xcassets in Resources */,
				07C822922A3160B90081F8F3 /* Assets.xcassets in Resources */,
			);
			runOnlyForDeploymentPostprocessing = 0;
		};
		07C8229D2A3163C70081F8F3 /* Resources */ = {
			isa = PBXResourcesBuildPhase;
			buildActionMask = 2147483647;
			files = (
				07C822AE2A3163CA0081F8F3 /* Assets.xcassets in Resources */,
			);
			runOnlyForDeploymentPostprocessing = 0;
		};
/* End PBXResourcesBuildPhase section */

/* Begin PBXSourcesBuildPhase section */
		07C822862A3160B70081F8F3 /* Sources */ = {
			isa = PBXSourcesBuildPhase;
			buildActionMask = 2147483647;
			files = (
				07C822902A3160B70081F8F3 /* ContentView.swift in Sources */,
				07C822B12A3163CA0081F8F3 /* RemembrWidget.intentdefinition in Sources */,
				07C8228E2A3160B70081F8F3 /* RemembrApp.swift in Sources */,
			);
			runOnlyForDeploymentPostprocessing = 0;
		};
		07C8229B2A3163C70081F8F3 /* Sources */ = {
			isa = PBXSourcesBuildPhase;
			buildActionMask = 2147483647;
			files = (
				07F6D5992A33EB5D00851026 /* MonthConfig.swift in Sources */,
				07C822A72A3163C70081F8F3 /* RemembrWidgetBundle.swift in Sources */,
				07C822B02A3163CA0081F8F3 /* RemembrWidget.intentdefinition in Sources */,
				07C822AB2A3163C70081F8F3 /* RemembrWidget.swift in Sources */,
				07C822A92A3163C70081F8F3 /* RemembrWidgetLiveActivity.swift in Sources */,
				07F6D59B2A33ED8800851026 /* Colors+Ext.swift in Sources */,
			);
			runOnlyForDeploymentPostprocessing = 0;
		};
/* End PBXSourcesBuildPhase section */

/* Begin PBXTargetDependency section */
		07C822B32A3163CA0081F8F3 /* PBXTargetDependency */ = {
			isa = PBXTargetDependency;
			target = 07C8229E2A3163C70081F8F3 /* RemembrWidgetExtension */;
			targetProxy = 07C822B22A3163CA0081F8F3 /* PBXContainerItemProxy */;
		};
/* End PBXTargetDependency section */

/* Begin XCBuildConfiguration section */
		07C822962A3160B90081F8F3 /* Debug */ = {
			isa = XCBuildConfiguration;
			buildSettings = {
				ALWAYS_SEARCH_USER_PATHS = NO;
				CLANG_ANALYZER_NONNULL = YES;
				CLANG_ANALYZER_NUMBER_OBJECT_CONVERSION = YES_AGGRESSIVE;
				CLANG_CXX_LANGUAGE_STANDARD = "gnu++20";
				CLANG_ENABLE_MODULES = YES;
				CLANG_ENABLE_OBJC_ARC = YES;
				CLANG_ENABLE_OBJC_WEAK = YES;
				CLANG_WARN_BLOCK_CAPTURE_AUTORELEASING = YES;
				CLANG_WARN_BOOL_CONVERSION = YES;
				CLANG_WARN_COMMA = YES;
				CLANG_WARN_CONSTANT_CONVERSION = YES;
				CLANG_WARN_DEPRECATED_OBJC_IMPLEMENTATIONS = YES;
				CLANG_WARN_DIRECT_OBJC_ISA_USAGE = YES_ERROR;
				CLANG_WARN_DOCUMENTATION_COMMENTS = YES;
				CLANG_WARN_EMPTY_BODY = YES;
				CLANG_WARN_ENUM_CONVERSION = YES;
				CLANG_WARN_INFINITE_RECURSION = YES;
				CLANG_WARN_INT_CONVERSION = YES;
				CLANG_WARN_NON_LITERAL_NULL_CONVERSION = YES;
				CLANG_WARN_OBJC_IMPLICIT_RETAIN_SELF = YES;
				CLANG_WARN_OBJC_LITERAL_CONVERSION = YES;
				CLANG_WARN_OBJC_ROOT_CLASS = YES_ERROR;
				CLANG_WARN_QUOTED_INCLUDE_IN_FRAMEWORK_HEADER = YES;
				CLANG_WARN_RANGE_LOOP_ANALYSIS = YES;
				CLANG_WARN_STRICT_PROTOTYPES = YES;
				CLANG_WARN_SUSPICIOUS_MOVE = YES;
				CLANG_WARN_UNGUARDED_AVAILABILITY = YES_AGGRESSIVE;
				CLANG_WARN_UNREACHABLE_CODE = YES;
				CLANG_WARN__DUPLICATE_METHOD_MATCH = YES;
				COPY_PHASE_STRIP = NO;
				DEBUG_INFORMATION_FORMAT = dwarf;
				ENABLE_STRICT_OBJC_MSGSEND = YES;
				ENABLE_TESTABILITY = YES;
				GCC_C_LANGUAGE_STANDARD = gnu11;
				GCC_DYNAMIC_NO_PIC = NO;
				GCC_NO_COMMON_BLOCKS = YES;
				GCC_OPTIMIZATION_LEVEL = 0;
				GCC_PREPROCESSOR_DEFINITIONS = (
					"DEBUG=1",
					"$(inherited)",
				);
				GCC_WARN_64_TO_32_BIT_CONVERSION = YES;
				GCC_WARN_ABOUT_RETURN_TYPE = YES_ERROR;
				GCC_WARN_UNDECLARED_SELECTOR = YES;
				GCC_WARN_UNINITIALIZED_AUTOS = YES_AGGRESSIVE;
				GCC_WARN_UNUSED_FUNCTION = YES;
				GCC_WARN_UNUSED_VARIABLE = YES;
				IPHONEOS_DEPLOYMENT_TARGET = 16.4;
				MTL_ENABLE_DEBUG_INFO = INCLUDE_SOURCE;
				MTL_FAST_MATH = YES;
				ONLY_ACTIVE_ARCH = YES;
				SDKROOT = iphoneos;
				SWIFT_ACTIVE_COMPILATION_CONDITIONS = DEBUG;
				SWIFT_OPTIMIZATION_LEVEL = "-Onone";
			};
			name = Debug;
		};
		07C822972A3160B90081F8F3 /* Release */ = {
			isa = XCBuildConfiguration;
			buildSettings = {
				ALWAYS_SEARCH_USER_PATHS = NO;
				CLANG_ANALYZER_NONNULL = YES;
				CLANG_ANALYZER_NUMBER_OBJECT_CONVERSION = YES_AGGRESSIVE;
				CLANG_CXX_LANGUAGE_STANDARD = "gnu++20";
				CLANG_ENABLE_MODULES = YES;
				CLANG_ENABLE_OBJC_ARC = YES;
				CLANG_ENABLE_OBJC_WEAK = YES;
				CLANG_WARN_BLOCK_CAPTURE_AUTORELEASING = YES;
				CLANG_WARN_BOOL_CONVERSION = YES;
				CLANG_WARN_COMMA = YES;
				CLANG_WARN_CONSTANT_CONVERSION = YES;
				CLANG_WARN_DEPRECATED_OBJC_IMPLEMENTATIONS = YES;
				CLANG_WARN_DIRECT_OBJC_ISA_USAGE = YES_ERROR;
				CLANG_WARN_DOCUMENTATION_COMMENTS = YES;
				CLANG_WARN_EMPTY_BODY = YES;
				CLANG_WARN_ENUM_CONVERSION = YES;
				CLANG_WARN_INFINITE_RECURSION = YES;
				CLANG_WARN_INT_CONVERSION = YES;
				CLANG_WARN_NON_LITERAL_NULL_CONVERSION = YES;
				CLANG_WARN_OBJC_IMPLICIT_RETAIN_SELF = YES;
				CLANG_WARN_OBJC_LITERAL_CONVERSION = YES;
				CLANG_WARN_OBJC_ROOT_CLASS = YES_ERROR;
				CLANG_WARN_QUOTED_INCLUDE_IN_FRAMEWORK_HEADER = YES;
				CLANG_WARN_RANGE_LOOP_ANALYSIS = YES;
				CLANG_WARN_STRICT_PROTOTYPES = YES;
				CLANG_WARN_SUSPICIOUS_MOVE = YES;
				CLANG_WARN_UNGUARDED_AVAILABILITY = YES_AGGRESSIVE;
				CLANG_WARN_UNREACHABLE_CODE = YES;
				CLANG_WARN__DUPLICATE_METHOD_MATCH = YES;
				COPY_PHASE_STRIP = NO;
				DEBUG_INFORMATION_FORMAT = "dwarf-with-dsym";
				ENABLE_NS_ASSERTIONS = NO;
				ENABLE_STRICT_OBJC_MSGSEND = YES;
				GCC_C_LANGUAGE_STANDARD = gnu11;
				GCC_NO_COMMON_BLOCKS = YES;
				GCC_WARN_64_TO_32_BIT_CONVERSION = YES;
				GCC_WARN_ABOUT_RETURN_TYPE = YES_ERROR;
				GCC_WARN_UNDECLARED_SELECTOR = YES;
				GCC_WARN_UNINITIALIZED_AUTOS = YES_AGGRESSIVE;
				GCC_WARN_UNUSED_FUNCTION = YES;
				GCC_WARN_UNUSED_VARIABLE = YES;
				IPHONEOS_DEPLOYMENT_TARGET = 16.4;
				MTL_ENABLE_DEBUG_INFO = NO;
				MTL_FAST_MATH = YES;
				SDKROOT = iphoneos;
				SWIFT_COMPILATION_MODE = wholemodule;
				SWIFT_OPTIMIZATION_LEVEL = "-O";
				VALIDATE_PRODUCT = YES;
			};
			name = Release;
		};
		07C822992A3160B90081F8F3 /* Debug */ = {
			isa = XCBuildConfiguration;
			buildSettings = {
				ALWAYS_EMBED_SWIFT_STANDARD_LIBRARIES = YES;
				ASSETCATALOG_COMPILER_APPICON_NAME = AppIcon;
				ASSETCATALOG_COMPILER_GLOBAL_ACCENT_COLOR_NAME = AccentColor;
				CODE_SIGN_STYLE = Automatic;
				CURRENT_PROJECT_VERSION = 1;
				DEVELOPMENT_ASSET_PATHS = "\"Remembr/Preview Content\"";
				ENABLE_PREVIEWS = YES;
				GENERATE_INFOPLIST_FILE = YES;
				INFOPLIST_KEY_UIApplicationSceneManifest_Generation = YES;
				INFOPLIST_KEY_UIApplicationSupportsIndirectInputEvents = YES;
				INFOPLIST_KEY_UILaunchScreen_Generation = YES;
				INFOPLIST_KEY_UISupportedInterfaceOrientations_iPad = "UIInterfaceOrientationPortrait UIInterfaceOrientationPortraitUpsideDown UIInterfaceOrientationLandscapeLeft UIInterfaceOrientationLandscapeRight";
				INFOPLIST_KEY_UISupportedInterfaceOrientations_iPhone = "UIInterfaceOrientationPortrait UIInterfaceOrientationLandscapeLeft UIInterfaceOrientationLandscapeRight";
				LD_RUNPATH_SEARCH_PATHS = (
					"$(inherited)",
					"@executable_path/Frameworks",
				);
				MARKETING_VERSION = 1.0;
				PRODUCT_BUNDLE_IDENTIFIER = widget.Remembr;
				PRODUCT_NAME = "$(TARGET_NAME)";
				SWIFT_EMIT_LOC_STRINGS = YES;
				SWIFT_VERSION = 5.0;
				TARGETED_DEVICE_FAMILY = "1,2";
			};
			name = Debug;
		};
		07C8229A2A3160B90081F8F3 /* Release */ = {
			isa = XCBuildConfiguration;
			buildSettings = {
				ALWAYS_EMBED_SWIFT_STANDARD_LIBRARIES = YES;
				ASSETCATALOG_COMPILER_APPICON_NAME = AppIcon;
				ASSETCATALOG_COMPILER_GLOBAL_ACCENT_COLOR_NAME = AccentColor;
				CODE_SIGN_STYLE = Automatic;
				CURRENT_PROJECT_VERSION = 1;
				DEVELOPMENT_ASSET_PATHS = "\"Remembr/Preview Content\"";
				ENABLE_PREVIEWS = YES;
				GENERATE_INFOPLIST_FILE = YES;
				INFOPLIST_KEY_UIApplicationSceneManifest_Generation = YES;
				INFOPLIST_KEY_UIApplicationSupportsIndirectInputEvents = YES;
				INFOPLIST_KEY_UILaunchScreen_Generation = YES;
				INFOPLIST_KEY_UISupportedInterfaceOrientations_iPad = "UIInterfaceOrientationPortrait UIInterfaceOrientationPortraitUpsideDown UIInterfaceOrientationLandscapeLeft UIInterfaceOrientationLandscapeRight";
				INFOPLIST_KEY_UISupportedInterfaceOrientations_iPhone = "UIInterfaceOrientationPortrait UIInterfaceOrientationLandscapeLeft UIInterfaceOrientationLandscapeRight";
				LD_RUNPATH_SEARCH_PATHS = (
					"$(inherited)",
					"@executable_path/Frameworks",
				);
				MARKETING_VERSION = 1.0;
				PRODUCT_BUNDLE_IDENTIFIER = widget.Remembr;
				PRODUCT_NAME = "$(TARGET_NAME)";
				SWIFT_EMIT_LOC_STRINGS = YES;
				SWIFT_VERSION = 5.0;
				TARGETED_DEVICE_FAMILY = "1,2";
			};
			name = Release;
		};
		07C822B62A3163CA0081F8F3 /* Debug */ = {
			isa = XCBuildConfiguration;
			buildSettings = {
				ASSETCATALOG_COMPILER_GLOBAL_ACCENT_COLOR_NAME = AccentColor;
				ASSETCATALOG_COMPILER_WIDGET_BACKGROUND_COLOR_NAME = WidgetBackground;
				CODE_SIGN_STYLE = Automatic;
				CURRENT_PROJECT_VERSION = 1;
				GENERATE_INFOPLIST_FILE = YES;
				INFOPLIST_FILE = RemembrWidget/Info.plist;
				INFOPLIST_KEY_CFBundleDisplayName = RemembrWidget;
				INFOPLIST_KEY_NSHumanReadableCopyright = "";
				LD_RUNPATH_SEARCH_PATHS = (
					"$(inherited)",
					"@executable_path/Frameworks",
					"@executable_path/../../Frameworks",
				);
				MARKETING_VERSION = 1.0;
				PRODUCT_BUNDLE_IDENTIFIER = widget.Remembr.RemembrWidget;
				PRODUCT_NAME = "$(TARGET_NAME)";
				SKIP_INSTALL = YES;
				SWIFT_EMIT_LOC_STRINGS = YES;
				SWIFT_VERSION = 5.0;
				TARGETED_DEVICE_FAMILY = "1,2";
			};
			name = Debug;
		};
		07C822B72A3163CA0081F8F3 /* Release */ = {
			isa = XCBuildConfiguration;
			buildSettings = {
				ASSETCATALOG_COMPILER_GLOBAL_ACCENT_COLOR_NAME = AccentColor;
				ASSETCATALOG_COMPILER_WIDGET_BACKGROUND_COLOR_NAME = WidgetBackground;
				CODE_SIGN_STYLE = Automatic;
				CURRENT_PROJECT_VERSION = 1;
				GENERATE_INFOPLIST_FILE = YES;
				INFOPLIST_FILE = RemembrWidget/Info.plist;
				INFOPLIST_KEY_CFBundleDisplayName = RemembrWidget;
				INFOPLIST_KEY_NSHumanReadableCopyright = "";
				LD_RUNPATH_SEARCH_PATHS = (
					"$(inherited)",
					"@executable_path/Frameworks",
					"@executable_path/../../Frameworks",
				);
				MARKETING_VERSION = 1.0;
				PRODUCT_BUNDLE_IDENTIFIER = widget.Remembr.RemembrWidget;
				PRODUCT_NAME = "$(TARGET_NAME)";
				SKIP_INSTALL = YES;
				SWIFT_EMIT_LOC_STRINGS = YES;
				SWIFT_VERSION = 5.0;
				TARGETED_DEVICE_FAMILY = "1,2";
			};
			name = Release;
		};
/* End XCBuildConfiguration section */

/* Begin XCConfigurationList section */
		07C822852A3160B60081F8F3 /* Build configuration list for PBXProject "Remembr" */ = {
			isa = XCConfigurationList;
			buildConfigurations = (
				07C822962A3160B90081F8F3 /* Debug */,
				07C822972A3160B90081F8F3 /* Release */,
			);
			defaultConfigurationIsVisible = 0;
			defaultConfigurationName = Release;
		};
		07C822982A3160B90081F8F3 /* Build configuration list for PBXNativeTarget "Remembr" */ = {
			isa = XCConfigurationList;
			buildConfigurations = (
				07C822992A3160B90081F8F3 /* Debug */,
				07C8229A2A3160B90081F8F3 /* Release */,
			);
			defaultConfigurationIsVisible = 0;
			defaultConfigurationName = Release;
		};
		07C822B52A3163CA0081F8F3 /* Build configuration list for PBXNativeTarget "RemembrWidgetExtension" */ = {
			isa = XCConfigurationList;
			buildConfigurations = (
				07C822B62A3163CA0081F8F3 /* Debug */,
				07C822B72A3163CA0081F8F3 /* Release */,
			);
			defaultConfigurationIsVisible = 0;
			defaultConfigurationName = Release;
		};
/* End XCConfigurationList section */
	};
	rootObject = 07C822822A3160B60081F8F3 /* Project object */;
}
